# This file is autogenerated, do not edit; changes may be undone by the next 'dep ensure'.


[[projects]]
  name = "github.com/go-redis/redis"
  packages = [".","internal","internal/consistenthash","internal/hashtag","internal/pool","internal/proto","internal/util"]
  revision = "2aca83490d09584301390a787777fbe5a0fc4a96"
  version = "v6.15.8"

[[projects]]
  name = "github.com/gorilla/mux"
  packages = ["."]
  revision = "75dcda0896e109a2a22c9315bca3bb21b87b2ba5"
  version = "v1.7.4"

[[projects]]
  name = "github.com/jasonlvhit/gocron"
  packages = ["."]
  revision = "5c21418a78e8acd5ffefca47dc353df67222e5c8"
  version = "0.1"

[[projects]]
  name = "github.com/joho/godotenv"
  packages = ["."]
  revision = "23d116af351c84513e1946b527c88823e476be13"
  version = "v1.3.0"

[[projects]]
  name = "github.com/jung-kurt/gofpdf"
  packages = ["."]
  revision = "49e44c73f28fbc4ea0b011c7d4078d0a1523e44f"
  version = "v12.13.5"

[[projects]]
  name = "github.com/konsorten/go-windows-terminal-sequences"
  packages = ["."]
  revision = "edb144dfd453055e1e49a3d8b410a660b5a87613"
  version = "v1.0.3"

[[projects]]
  name = "github.com/natefinch/lumberjack"
  packages = ["."]
  revision = "a96e63847dc3c67d17befa69c303767e2f84e54f"
  version = "v2.1"

[[projects]]
  name = "github.com/sendgrid/rest"
  packages = ["."]
  revision = "e6147b72f79c9e2cb3f12caafa5aad50508677cf"
  version = "2.6.0"

[[projects]]
  name = "github.com/sendgrid/sendgrid-go"
  packages = [".","helpers/mail"]
  revision = "545b23ed9859eff0c015bfdbe5e6b2c9c7545981"
  version = "3.6.0"

[[projects]]
  name = "github.com/sirupsen/logrus"
  packages = ["."]
  revision = "60c74ad9be0d874af0ab0daef6ab07c5c5911f0d"
  version = "v1.6.0"

[[projects]]
  branch = "master"
  name = "golang.org/x/sys"
  packages = ["internal/unsafeheader","unix"]
  revision = "fe76b779f299728f3bd63f77ea2c815504229c3b"

[solve-meta]
  analyzer-name = "dep"
  analyzer-version = 1
  inputs-digest = "3b5af406143df58e7f76f0427ecde466662b0d65b3d81f0c495bae95c27449e7"
  solver-name = "gps-cdcl"
  solver-version = 1
